{
  "name": "troika-examples",
  "version": "0.41.0",
  "lockfileVersion": 1,
  "requires": true,
  "dependencies": {
    "@icons/material": {
      "version": "0.2.4",
      "resolved": "https://registry.npmjs.org/@icons/material/-/material-0.2.4.tgz",
      "integrity": "sha512-QPcGmICAPbGLGb6F/yNf/KzKqvFx8z5qx3D1yFqVAjoFmXK35EgyW+cJ57Te3CNsmzblwtzakLGFqHPqrfb4Tw=="
    },
    "adaptive-bezier-curve": {
      "version": "1.0.3",
      "resolved": "https://registry.npmjs.org/adaptive-bezier-curve/-/adaptive-bezier-curve-1.0.3.tgz",
      "integrity": "sha1-R3V3q+h9coDUbKQWSfbCJkb+gic="
    },
    "anymatch": {
      "version": "3.1.2",
      "resolved": "https://registry.npmjs.org/anymatch/-/anymatch-3.1.2.tgz",
      "integrity": "sha512-P43ePfOAIupkguHUycrc4qJ9kz8ZiuOUijaETwX7THt0Y/GNK7v0aa8rY816xWjZ7rJdA5XdMcpVFTKMq+RvWg==",
      "requires": {
        "normalize-path": "^3.0.0",
        "picomatch": "^2.0.4"
      }
    },
    "bidi-js": {
      "version": "1.0.1",
      "resolved": "https://registry.npmjs.org/bidi-js/-/bidi-js-1.0.1.tgz",
      "integrity": "sha512-h8SbFfrrcPhi6Lm+O67ozP+q1+L4TbMItIbH/OLXq4VTGytJHWjAxCXiSu7HHp6YFh+SCCdE1h2psoJ7OSO9tQ=="
    },
    "binary-extensions": {
      "version": "2.2.0",
      "resolved": "https://registry.npmjs.org/binary-extensions/-/binary-extensions-2.2.0.tgz",
      "integrity": "sha512-jDctJ/IVQbZoJykoeHbhXpOlNBqGNcwXJKJog42E5HDPUwQTSdjCHdihjj0DlnheQ7blbT6dHOafNAiS8ooQKA=="
    },
    "braces": {
      "version": "3.0.2",
      "resolved": "https://registry.npmjs.org/braces/-/braces-3.0.2.tgz",
      "integrity": "sha512-b8um+L1RzM3WDSzvhm6gIz1yfTbBt6YTlcEKAvsmqCZZFw46z626lVj9j1yEPW33H5H+lBQpZMP1k8l+78Ha0A==",
      "requires": {
        "fill-range": "^7.0.1"
      }
    },
    "chokidar": {
      "version": "3.5.1",
      "resolved": "https://registry.npmjs.org/chokidar/-/chokidar-3.5.1.tgz",
      "integrity": "sha512-9+s+Od+W0VJJzawDma/gvBNQqkTiqYTWLuZoyAsivsI4AaWTCzHG06/TMjsf1cYe9Cb97UCEhjz7HvnPk2p/tw==",
      "requires": {
        "anymatch": "~3.1.1",
        "braces": "~3.0.2",
        "fsevents": "~2.3.1",
        "glob-parent": "~5.1.0",
        "is-binary-path": "~2.1.0",
        "is-glob": "~4.0.1",
        "normalize-path": "~3.0.0",
        "readdirp": "~3.5.0"
      }
    },
    "classnames": {
      "version": "2.2.6",
      "resolved": "https://registry.npmjs.org/classnames/-/classnames-2.2.6.tgz",
      "integrity": "sha512-JR/iSQOSt+LQIWwrwEzJ9uk0xfN3mTVYMwt1Ir5mUcSN6pU+V4zQFFaJsclJbPuAUQH+yfWef6tm7l1quW3C8Q=="
    },
    "d3-hierarchy": {
      "version": "1.1.9",
      "resolved": "https://registry.npmjs.org/d3-hierarchy/-/d3-hierarchy-1.1.9.tgz",
      "integrity": "sha512-j8tPxlqh1srJHAtxfvOUwKNYJkQuBFdM1+JAUfq6xqH5eAqf93L7oG1NVqDa4CpFZNvnNKtCYEUC8KY9yEn9lQ=="
    },
    "d3-voronoi": {
      "version": "1.1.4",
      "resolved": "https://registry.npmjs.org/d3-voronoi/-/d3-voronoi-1.1.4.tgz",
      "integrity": "sha512-dArJ32hchFsrQ8uMiTBLq256MpnZjeuBtdHpaDlYuQyjU0CVzCJl/BVW+SkszaAeH95D/8gxqAhgx0ouAWAfRg=="
    },
    "fill-range": {
      "version": "7.0.1",
      "resolved": "https://registry.npmjs.org/fill-range/-/fill-range-7.0.1.tgz",
      "integrity": "sha512-qOo9F+dMUmC2Lcb4BbVvnKJxTPjCm+RRpe4gDuGrzkL7mEVl/djYSu2OdQ2Pa302N4oqkSg9ir6jaLWJ2USVpQ==",
      "requires": {
        "to-regex-range": "^5.0.1"
      }
    },
    "fsevents": {
      "version": "2.3.2",
      "resolved": "https://registry.npmjs.org/fsevents/-/fsevents-2.3.2.tgz",
      "integrity": "sha512-xiqMQR4xAeHTuB9uWm+fFRcIOgKBMiOBP+eXiyT7jsgVCq1bkVygt00oASowB7EdtpOHaaPgKt812P9ab+DDKA==",
      "optional": true
    },
    "gl-vec2": {
      "version": "1.3.0",
      "resolved": "https://registry.npmjs.org/gl-vec2/-/gl-vec2-1.3.0.tgz",
      "integrity": "sha512-YiqaAuNsheWmUV0Sa8k94kBB0D6RWjwZztyO+trEYS8KzJ6OQB/4686gdrf59wld4hHFIvaxynO3nRxpk1Ij/A=="
    },
    "glob-parent": {
      "version": "5.1.2",
      "resolved": "https://registry.npmjs.org/glob-parent/-/glob-parent-5.1.2.tgz",
      "integrity": "sha512-AOIgSQCepiJYwP3ARnGx+5VnTu2HBYdzbGP45eLw1vr3zB3vZLeyed1sC9hnbcOc9/SrMyM5RPQrkGz4aS9Zow==",
      "requires": {
        "is-glob": "^4.0.1"
      }
    },
    "inherits": {
      "version": "2.0.4",
      "resolved": "https://registry.npmjs.org/inherits/-/inherits-2.0.4.tgz",
      "integrity": "sha512-k/vGaX4/Yla3WzyMCvTQOXYeIHvqOKtnqBduzTHpzpQZzAskKMhZ2K+EnBiSM9zGSoIFeMpXKxa4dYeZIQqewQ=="
    },
    "is-binary-path": {
      "version": "2.1.0",
      "resolved": "https://registry.npmjs.org/is-binary-path/-/is-binary-path-2.1.0.tgz",
      "integrity": "sha512-ZMERYes6pDydyuGidse7OsHxtbI7WVeUEozgR/g7rd0xUimYNlvZRE/K2MgZTjWy725IfelLeVcEM97mmtRGXw==",
      "requires": {
        "binary-extensions": "^2.0.0"
      }
    },
    "is-extglob": {
      "version": "2.1.1",
      "resolved": "https://registry.npmjs.org/is-extglob/-/is-extglob-2.1.1.tgz",
      "integrity": "sha1-qIwCU1eR8C7TfHahueqXc8gz+MI="
    },
    "is-glob": {
      "version": "4.0.1",
      "resolved": "https://registry.npmjs.org/is-glob/-/is-glob-4.0.1.tgz",
      "integrity": "sha512-5G0tKtBTFImOqDnLB2hG6Bp2qcKEFduo4tZu9MT/H6NQv/ghhy30o55ufafxJ/LdH79LLs2Kfrn85TLKyA7BUg==",
      "requires": {
        "is-extglob": "^2.1.1"
      }
    },
    "is-number": {
      "version": "7.0.0",
      "resolved": "https://registry.npmjs.org/is-number/-/is-number-7.0.0.tgz",
      "integrity": "sha512-41Cifkg6e8TylSpdtTpeLVMqvSBEVzTttHvERD741+pnZ8ANv0004MRL43QKPDlK9cGvNp6NZWZUBlbGXYxxng=="
    },
    "js-tokens": {
      "version": "4.0.0",
      "resolved": "https://registry.npmjs.org/js-tokens/-/js-tokens-4.0.0.tgz",
      "integrity": "sha512-RdJUflcE3cUzKiMqQgsCu06FPu9UdIJO0beYbPhHN4k6apgJtifcoCtT9bcxOpYBtpD2kCM6Sbzg4CausW/PKQ=="
    },
    "lodash": {
      "version": "4.17.21",
      "resolved": "https://registry.npmjs.org/lodash/-/lodash-4.17.21.tgz",
      "integrity": "sha512-v2kDEe57lecTulaDIuNTPy3Ry4gLGJ6Z1O3vE1krgXZNrsQ+LFTGHVxVjcXPs17LhbZVGedAJv8XZ1tvj5FvSg=="
    },
    "lodash-es": {
      "version": "4.17.21",
      "resolved": "https://registry.npmjs.org/lodash-es/-/lodash-es-4.17.21.tgz",
      "integrity": "sha512-mKnC+QJ9pWVzv+C4/U3rRsHapFfHvQFoFB92e52xeyGMcX6/OlIl78je1u8vePzYZSkkogMPJ2yjxxsb89cxyw=="
    },
    "lodash.clamp": {
      "version": "4.0.3",
      "resolved": "https://registry.npmjs.org/lodash.clamp/-/lodash.clamp-4.0.3.tgz",
      "integrity": "sha1-XCS+3u7vB1NWDcK0y0Zx+Qpt36o="
    },
    "lodash.clonedeep": {
      "version": "4.5.0",
      "resolved": "https://registry.npmjs.org/lodash.clonedeep/-/lodash.clonedeep-4.5.0.tgz",
      "integrity": "sha1-4j8/nE+Pvd6HJSnBBxhXoIblzO8="
    },
    "lodash.isfinite": {
      "version": "3.3.2",
      "resolved": "https://registry.npmjs.org/lodash.isfinite/-/lodash.isfinite-3.3.2.tgz",
      "integrity": "sha1-+4m2WpqAKBgz8LdHizpRBPiY67M="
    },
    "lodash.isstring": {
      "version": "4.0.1",
      "resolved": "https://registry.npmjs.org/lodash.isstring/-/lodash.isstring-4.0.1.tgz",
      "integrity": "sha1-1SfftUVuynzJu5XV2ur4i6VKVFE="
    },
    "lodash.isundefined": {
      "version": "3.0.1",
      "resolved": "https://registry.npmjs.org/lodash.isundefined/-/lodash.isundefined-3.0.1.tgz",
      "integrity": "sha1-I+89lTVWUgOmbO/VuDD4SJEa+0g="
    },
    "lodash.result": {
      "version": "4.5.2",
      "resolved": "https://registry.npmjs.org/lodash.result/-/lodash.result-4.5.2.tgz",
      "integrity": "sha1-y0Wyf7kU6qjY7m8M57KHC4fLcKo="
    },
    "lodash.set": {
      "version": "4.3.2",
      "resolved": "https://registry.npmjs.org/lodash.set/-/lodash.set-4.3.2.tgz",
      "integrity": "sha1-2HV7HagH3eJIFrDWqEvqGnYjCyM="
    },
    "loose-envify": {
      "version": "1.4.0",
      "resolved": "https://registry.npmjs.org/loose-envify/-/loose-envify-1.4.0.tgz",
      "integrity": "sha512-lyuxPGr/Wfhrlem2CL/UcnUc1zcqKAImBDzukY7Y5F/yQiNdko6+fRLevlw1HgMySw7f611UIY408EtxRSoK3Q==",
      "requires": {
        "js-tokens": "^3.0.0 || ^4.0.0"
      }
    },
    "material-colors": {
      "version": "1.2.6",
      "resolved": "https://registry.npmjs.org/material-colors/-/material-colors-1.2.6.tgz",
      "integrity": "sha512-6qE4B9deFBIa9YSpOc9O0Sgc43zTeVYbgDT5veRKSlB2+ZuHNoVVxA1L/ckMUayV9Ay9y7Z/SZCLcGteW9i7bg=="
    },
    "normalize-path": {
      "version": "3.0.0",
      "resolved": "https://registry.npmjs.org/normalize-path/-/normalize-path-3.0.0.tgz",
      "integrity": "sha512-6eZs5Ls3WtCisHWp9S2GUy8dqkpGi4BVSz3GaqiE6ezub0512ESztXUwUB6C6IKbQkY2Pnb/mD4WYojCRwcwLA=="
    },
    "object-assign": {
      "version": "4.1.1",
      "resolved": "https://registry.npmjs.org/object-assign/-/object-assign-4.1.1.tgz",
      "integrity": "sha1-IQmtx5ZYh8/AXLvUQsrIv7s2CGM="
    },
    "object-path": {
      "version": "0.11.5",
      "resolved": "https://registry.npmjs.org/object-path/-/object-path-0.11.5.tgz",
      "integrity": "sha512-jgSbThcoR/s+XumvGMTMf81QVBmah+/Q7K7YduKeKVWL7N111unR2d6pZZarSk6kY/caeNxUDyxOvMWyzoU2eg=="
    },
    "picomatch": {
      "version": "2.2.3",
      "resolved": "https://registry.npmjs.org/picomatch/-/picomatch-2.2.3.tgz",
      "integrity": "sha512-KpELjfwcCDUb9PeigTs2mBJzXUPzAuP2oPcA989He8Rte0+YUAjw1JVedDhuTKPkHjSYzMN3npC9luThGYEKdg=="
    },
    "polyline-miter-util": {
      "version": "1.0.1",
      "resolved": "https://registry.npmjs.org/polyline-miter-util/-/polyline-miter-util-1.0.1.tgz",
      "integrity": "sha1-tpPyOJ6g3tNqa89ezS7OS2kX2Vc=",
      "requires": {
        "gl-vec2": "^1.0.0"
      }
    },
    "polyline-normals": {
      "version": "2.0.2",
      "resolved": "https://registry.npmjs.org/polyline-normals/-/polyline-normals-2.0.2.tgz",
      "integrity": "sha1-oXN+ddjA3MsaWR+csn8J7vS30TU=",
      "requires": {
        "polyline-miter-util": "^1.0.1"
      }
    },
    "prop-types": {
      "version": "15.7.2",
      "resolved": "https://registry.npmjs.org/prop-types/-/prop-types-15.7.2.tgz",
      "integrity": "sha512-8QQikdH7//R2vurIJSutZ1smHYTcLpRWEOlHnzcWHmBYrOGUysKwSsrC89BCiFj3CbrfJ/nXFdJepOVrY1GCHQ==",
      "requires": {
        "loose-envify": "^1.4.0",
        "object-assign": "^4.1.1",
        "react-is": "^16.8.1"
      }
    },
    "react": {
      "version": "16.14.0",
      "resolved": "https://registry.npmjs.org/react/-/react-16.14.0.tgz",
      "integrity": "sha512-0X2CImDkJGApiAlcf0ODKIneSwBPhqJawOa5wCtKbu7ZECrmS26NvtSILynQ66cgkT/RJ4LidJOc3bUESwmU8g==",
      "requires": {
        "loose-envify": "^1.1.0",
        "object-assign": "^4.1.1",
        "prop-types": "^15.6.2"
      }
    },
    "react-color": {
      "version": "2.19.3",
      "resolved": "https://registry.npmjs.org/react-color/-/react-color-2.19.3.tgz",
      "integrity": "sha512-LEeGE/ZzNLIsFWa1TMe8y5VYqr7bibneWmvJwm1pCn/eNmrabWDh659JSPn9BuaMpEfU83WTOJfnCcjDZwNQTA==",
      "requires": {
        "@icons/material": "^0.2.4",
        "lodash": "^4.17.15",
        "lodash-es": "^4.17.15",
        "material-colors": "^1.2.1",
        "prop-types": "^15.5.10",
        "reactcss": "^1.2.0",
        "tinycolor2": "^1.4.1"
      }
    },
    "react-dat-gui": {
      "version": "4.1.1",
      "resolved": "https://registry.npmjs.org/react-dat-gui/-/react-dat-gui-4.1.1.tgz",
      "integrity": "sha512-FdCUoXuCjh/8wXMc4AiZncthUQzuqRrr/iCi+V6byL48yQ4Bo1JK2534Lygt40yztaYVilj/AOKPkQYC8BI9fg==",
      "requires": {
        "classnames": "2.2.6",
        "lodash.clamp": "^4.0.3",
        "lodash.clonedeep": "^4.5.0",
        "lodash.isfinite": "^3.3.2",
        "lodash.isstring": "^4.0.1",
        "lodash.isundefined": "^3.0.1",
        "lodash.result": "^4.5.2",
        "lodash.set": "^4.3.2",
        "react-color": "^2.19.3",
        "sass": "^1.32.8"
      }
    },
    "react-dom": {
      "version": "16.14.0",
      "resolved": "https://registry.npmjs.org/react-dom/-/react-dom-16.14.0.tgz",
      "integrity": "sha512-1gCeQXDLoIqMgqD3IO2Ah9bnf0w9kzhwN5q4FGnHZ67hBm9yePzB5JJAIQCc8x3pFnNlwFq4RidZggNAAkzWWw==",
      "requires": {
        "loose-envify": "^1.1.0",
        "object-assign": "^4.1.1",
        "prop-types": "^15.6.2",
        "scheduler": "^0.19.1"
      }
    },
    "react-is": {
      "version": "16.13.1",
      "resolved": "https://registry.npmjs.org/react-is/-/react-is-16.13.1.tgz",
      "integrity": "sha512-24e6ynE2H+OKt4kqsOvNd8kBpV65zoxbA4BVsEOB3ARVWQki/DHzaUoC5KuON/BiccDaCCTZBuOcfZs70kR8bQ=="
    },
    "reactcss": {
      "version": "1.2.3",
      "resolved": "https://registry.npmjs.org/reactcss/-/reactcss-1.2.3.tgz",
      "integrity": "sha512-KiwVUcFu1RErkI97ywr8nvx8dNOpT03rbnma0SSalTYjkrPYaEajR4a/MRt6DZ46K6arDRbWMNHF+xH7G7n/8A==",
      "requires": {
        "lodash": "^4.0.1"
      }
    },
    "readdirp": {
      "version": "3.5.0",
      "resolved": "https://registry.npmjs.org/readdirp/-/readdirp-3.5.0.tgz",
      "integrity": "sha512-cMhu7c/8rdhkHXWsY+osBhfSy0JikwpHK/5+imo+LpeasTF8ouErHrlYkwT0++njiyuDvc7OFY5T3ukvZ8qmFQ==",
      "requires": {
        "picomatch": "^2.2.1"
      }
    },
    "sass": {
      "version": "1.32.11",
      "resolved": "https://registry.npmjs.org/sass/-/sass-1.32.11.tgz",
      "integrity": "sha512-O9tRcob/fegUVSIV1ihLLZcftIOh0AF1VpKgusUfLqnb2jQ0GLDwI5ivv1FYWivGv8eZ/AwntTyTzjcHu0c/qw==",
      "requires": {
        "chokidar": ">=3.0.0 <4.0.0"
      }
    },
    "scheduler": {
      "version": "0.19.1",
      "resolved": "https://registry.npmjs.org/scheduler/-/scheduler-0.19.1.tgz",
      "integrity": "sha512-n/zwRWRYSUj0/3g/otKDRPMh6qv2SYMWNq85IEa8iZyAv8od9zDYpGSnpBEjNgcMNq6Scbu5KfIPxNF72R/2EA==",
      "requires": {
        "loose-envify": "^1.1.0",
        "object-assign": "^4.1.1"
      }
    },
    "three": {
      "version": "0.127.0",
      "resolved": "https://registry.npmjs.org/three/-/three-0.127.0.tgz",
      "integrity": "sha512-wtgrn+mhYUbobxT7QN3GPdu3SRpSBQvwY6uOzLChWS7QE//f7paDU/+wlzbg+ngeIvBBqjBHSRuywTh8A99Jng=="
    },
    "three-instanced-uniforms-mesh": {
      "version": "0.41.0",
      "resolved": "https://registry.npmjs.org/three-instanced-uniforms-mesh/-/three-instanced-uniforms-mesh-0.41.0.tgz",
      "integrity": "sha512-T8BvuGBgliQA+jwaYAu0be8zDGY+0k3HkOM8S9sT+cGME63QkKunFcWtlRKlnYuVVKiIvgQdYH0LqTKP63S+Yg==",
      "requires": {
        "troika-three-utils": "^0.41.0"
      }
    },
    "three-line-2d": {
      "version": "1.1.6",
      "resolved": "https://registry.npmjs.org/three-line-2d/-/three-line-2d-1.1.6.tgz",
      "integrity": "sha1-yqIJzhZq01+aPmuEZV5ABd2We3I=",
      "requires": {
        "inherits": "^2.0.1",
        "object-assign": "^4.0.1",
        "polyline-normals": "^2.0.0"
      }
    },
    "tinycolor2": {
      "version": "1.4.2",
      "resolved": "https://registry.npmjs.org/tinycolor2/-/tinycolor2-1.4.2.tgz",
      "integrity": "sha512-vJhccZPs965sV/L2sU4oRQVAos0pQXwsvTLkWYdqJ+a8Q5kPFzJTuOFwy7UniPli44NKQGAglksjvOcpo95aZA=="
    },
    "to-regex-range": {
      "version": "5.0.1",
      "resolved": "https://registry.npmjs.org/to-regex-range/-/to-regex-range-5.0.1.tgz",
      "integrity": "sha512-65P7iz6X5yEr1cwcgvQxbbIw7Uk3gOy5dIdtZ4rDveLqhrdJP+Li/Hx6tyK0NEb+2GCyneCMJiGqrADCSNk8sQ==",
      "requires": {
        "is-number": "^7.0.0"
      }
    },
    "troika-2d": {
      "version": "0.41.0",
      "resolved": "https://registry.npmjs.org/troika-2d/-/troika-2d-0.41.0.tgz",
      "integrity": "sha512-e8wxLWECk+SyNEFCXcnBeyf4SkX8HefbekO7Sl09CID+jSbUZ2ZeUF9sCLMPYs09uBcO6aPwvAuxY1v2Ry1aOw==",
      "requires": {
        "troika-core": "^0.41.0"
      }
    },
    "troika-3d": {
      "version": "0.41.0",
      "resolved": "https://registry.npmjs.org/troika-3d/-/troika-3d-0.41.0.tgz",
      "integrity": "sha512-PsGbyREdfDMtQDisADBokk93nOl5jgPsGsB+NYQMZ0hPe0LDfd05n7cjX/fgkBuNAGnkuyF1msedEIZtoah8pw==",
      "requires": {
        "troika-core": "^0.41.0",
        "troika-three-utils": "^0.41.0"
      }
    },
    "troika-3d-text": {
      "version": "0.41.1",
      "resolved": "https://registry.npmjs.org/troika-3d-text/-/troika-3d-text-0.41.1.tgz",
      "integrity": "sha512-Aa6QvWVcgmj8uEJD8w/YU+8tmeinjPi+SIcglhy6gZOk0NYXjTPe1DdEjw3Ds6rZurNP2xcnWFEhwE743T/wIg==",
      "requires": {
        "troika-3d": "^0.41.0",
        "troika-three-text": "^0.41.1",
        "troika-three-utils": "^0.41.0"
      }
    },
    "troika-3d-ui": {
      "version": "0.41.1",
      "resolved": "https://registry.npmjs.org/troika-3d-ui/-/troika-3d-ui-0.41.1.tgz",
      "integrity": "sha512-f5qs6lBoC4bhpX1yXqAA9BzKIk91mmIPspCO71qpKzfzkhoT2nthhFErhccH/Rg4h7VZBMZlizR4gQBtmiXesA==",
      "requires": {
        "object-path": "^0.11.4",
        "troika-3d": "^0.41.0",
        "troika-3d-text": "^0.41.1",
        "troika-core": "^0.41.0",
        "troika-flex-layout": "^0.41.1",
        "troika-three-utils": "^0.41.0"
      }
    },
    "troika-animation": {
      "version": "0.41.0",
      "resolved": "https://registry.npmjs.org/troika-animation/-/troika-animation-0.41.0.tgz",
      "integrity": "sha512-+STU8t2RwH3GwMB/r83+SCWsGnMhPT1c62nEDkQDNf4IzmGi3J9IPIrouFNtE8gIBvRcUo9R4KdrQEf01048DA=="
    },
    "troika-core": {
      "version": "0.41.0",
      "resolved": "https://registry.npmjs.org/troika-core/-/troika-core-0.41.0.tgz",
      "integrity": "sha512-orQf3cOjWC1z6VGSRhkZ8W+THHZVyAq0lBixpUXkC3DVKhdiKWEcI8l+9xEmwzY0C1jBDwjY0MlOAJXR4o9wFA==",
      "requires": {
        "prop-types": "^15.6.2",
        "troika-animation": "^0.41.0"
      }
    },
    "troika-flex-layout": {
      "version": "0.41.1",
      "resolved": "https://registry.npmjs.org/troika-flex-layout/-/troika-flex-layout-0.41.1.tgz",
      "integrity": "sha512-BOQrnDLFtK1uO4qgKX4zdpbmbHfM2ceag59cEv+LbuFXf9Hf4r9Lj1C1sKrWmketSGovFPPiy4K5zE9BGwDT2g==",
      "requires": {
        "troika-three-text": "^0.41.1",
        "troika-worker-utils": "^0.41.0"
      }
    },
    "troika-three-text": {
      "version": "0.41.1",
      "resolved": "https://registry.npmjs.org/troika-three-text/-/troika-three-text-0.41.1.tgz",
      "integrity": "sha512-HeZrNO5m+cKjEjtEiG2npbYtTmVGHAw8LGalvtx7jkiv35ZVnoSqjLCcldonrCIlV6AOkEDTITN8iQI49dMPKg==",
      "requires": {
        "bidi-js": "^1.0.1",
        "troika-three-utils": "^0.41.0",
        "troika-worker-utils": "^0.41.0"
      }
    },
    "troika-three-utils": {
      "version": "0.41.0",
      "resolved": "https://registry.npmjs.org/troika-three-utils/-/troika-three-utils-0.41.0.tgz",
      "integrity": "sha512-QIHcvSFEQJgVpxxv/tOI0ZTYbiIw0R+6m4bDEXVBY6qYXpKSaz8iLunidrY53yjfkStmw1RYux5bjhobm7vQKQ=="
    },
    "troika-worker-utils": {
      "version": "0.41.0",
      "resolved": "https://registry.npmjs.org/troika-worker-utils/-/troika-worker-utils-0.41.0.tgz",
      "integrity": "sha512-hW+L4RRJBgDKKQkOGQKDigv/l9DYNR7E5OoT1+ZixngoawhjQQG9r5DfbCs2rOW95uzTSEopdGJ1pfp3js/ObA=="
    },
    "troika-xr": {
      "version": "0.41.0",
      "resolved": "https://registry.npmjs.org/troika-xr/-/troika-xr-0.41.0.tgz",
      "integrity": "sha512-4VZne2q4GYQ4Rftj3uYvLakHsts9osapgmMijm6lP3Ca9S1iT1uaBva9hmXQEToUhTw4Aa2lvM5Qq25ro6uoBw==",
      "requires": {
        "troika-3d": "^0.41.0",
        "troika-animation": "^0.41.0",
        "troika-core": "^0.41.0",
        "troika-three-utils": "^0.41.0"
      }
    }
  }
}
